
Microsoft Visual Studio Solution File, Format Version 12.00
# Visual Studio Version 17
VisualStudioVersion = 17.9.34622.214
MinimumVisualStudioVersion = 10.0.40219.1
Project("{2150E333-8FDC-42A3-9474-1A3956D46DE8}") = ".nuget", ".nuget", "{629FBDE8-B0E0-4F28-A3E1-21FC8ECA50E6}"
EndProject
Project("{FAE04EC0-301F-11D3-BF4B-00C04F79EFBC}") = "SwipeDesktop", "VisitorHub\SwipeDesktop.csproj", "{013B1578-2EC9-4B34-981D-0820AB0BE3A5}"
EndProject
Project("{2150E333-8FDC-42A3-9474-1A3956D46DE8}") = "Solution Items", "Solution Items", "{BD7E72BE-00D2-4DDC-9362-F9D074683FFF}"
	ProjectSection(SolutionItems) = preProject
		WindowsKits8.0-dll\InputPanelConfigurationLib.dll = WindowsKits8.0-dll\InputPanelConfigurationLib.dll
	EndProjectSection
EndProject
Project("{FAE04EC0-301F-11D3-BF4B-00C04F79EFBC}") = "Tests", "Tests\Tests.csproj", "{8CC6D934-623A-4AC0-8102-E337F5253282}"
EndProject
Project("{54435603-DBB4-11D2-8724-00A0C9A8B90C}") = "Installer", "Installer\Installer.vdproj", "{5CAEDC2E-5E7C-4FC9-A720-A1AC4CEDBDAC}"
EndProject
Project("{FAE04EC0-301F-11D3-BF4B-00C04F79EFBC}") = "InstallHelper", "InstallHelper\InstallHelper.csproj", "{1D6ACF27-857F-4D33-94F0-10DF2461DFC3}"
EndProject
Project("{FAE04EC0-301F-11D3-BF4B-00C04F79EFBC}") = "IDCard", "IDCard\IDCard.csproj", "{57047A2A-1B15-46D0-84C8-FF2AF8BC4945}"
EndProject
Project("{FAE04EC0-301F-11D3-BF4B-00C04F79EFBC}") = "SwipeDesktop.Sync", "SwipeDesktop.Sync\SwipeDesktop.Sync.csproj", "{E576E2EA-04F2-4E63-9F1A-B77E9ECE5F3F}"
EndProject
Project("{FAE04EC0-301F-11D3-BF4B-00C04F79EFBC}") = "SwipeDesktop.Common", "SwipeDesktop.Common\SwipeDesktop.Common.csproj", "{3D6BE558-179A-4A20-8C03-623AC87D931D}"
EndProject
Project("{FAE04EC0-301F-11D3-BF4B-00C04F79EFBC}") = "DatabaseUtils", "DatabaseUtils\DatabaseUtils.csproj", "{BB877C1A-9E03-4EEB-A803-44F4420AF099}"
EndProject
Global
	GlobalSection(SolutionConfigurationPlatforms) = preSolution
		CD_ROM|Any CPU = CD_ROM|Any CPU
		CD_ROM|ARM = CD_ROM|ARM
		CD_ROM|x64 = CD_ROM|x64
		CD_ROM|x86 = CD_ROM|x86
		Debug|Any CPU = Debug|Any CPU
		Debug|ARM = Debug|ARM
		Debug|x64 = Debug|x64
		Debug|x86 = Debug|x86
		DVD-5|Any CPU = DVD-5|Any CPU
		DVD-5|ARM = DVD-5|ARM
		DVD-5|x64 = DVD-5|x64
		DVD-5|x86 = DVD-5|x86
		Release|Any CPU = Release|Any CPU
		Release|ARM = Release|ARM
		Release|x64 = Release|x64
		Release|x86 = Release|x86
		SingleImage|Any CPU = SingleImage|Any CPU
		SingleImage|ARM = SingleImage|ARM
		SingleImage|x64 = SingleImage|x64
		SingleImage|x86 = SingleImage|x86
	EndGlobalSection
	GlobalSection(ProjectConfigurationPlatforms) = postSolution
		{013B1578-2EC9-4B34-981D-0820AB0BE3A5}.CD_ROM|Any CPU.ActiveCfg = Release|Any CPU
		{013B1578-2EC9-4B34-981D-0820AB0BE3A5}.CD_ROM|Any CPU.Build.0 = Release|Any CPU
		{013B1578-2EC9-4B34-981D-0820AB0BE3A5}.CD_ROM|ARM.ActiveCfg = Release|Any CPU
		{013B1578-2EC9-4B34-981D-0820AB0BE3A5}.CD_ROM|x64.ActiveCfg = Release|Any CPU
		{013B1578-2EC9-4B34-981D-0820AB0BE3A5}.CD_ROM|x86.ActiveCfg = Release|Any CPU
		{013B1578-2EC9-4B34-981D-0820AB0BE3A5}.Debug|Any CPU.ActiveCfg = Debug|Any CPU
		{013B1578-2EC9-4B34-981D-0820AB0BE3A5}.Debug|Any CPU.Build.0 = Debug|Any CPU
		{013B1578-2EC9-4B34-981D-0820AB0BE3A5}.Debug|ARM.ActiveCfg = Debug|Any CPU
		{013B1578-2EC9-4B34-981D-0820AB0BE3A5}.Debug|x64.ActiveCfg = Debug|Any CPU
		{013B1578-2EC9-4B34-981D-0820AB0BE3A5}.Debug|x86.ActiveCfg = Debug|Any CPU
		{013B1578-2EC9-4B34-981D-0820AB0BE3A5}.DVD-5|Any CPU.ActiveCfg = Debug|Any CPU
		{013B1578-2EC9-4B34-981D-0820AB0BE3A5}.DVD-5|Any CPU.Build.0 = Debug|Any CPU
		{013B1578-2EC9-4B34-981D-0820AB0BE3A5}.DVD-5|ARM.ActiveCfg = Debug|Any CPU
		{013B1578-2EC9-4B34-981D-0820AB0BE3A5}.DVD-5|x64.ActiveCfg = Debug|Any CPU
		{013B1578-2EC9-4B34-981D-0820AB0BE3A5}.DVD-5|x86.ActiveCfg = Debug|Any CPU
		{013B1578-2EC9-4B34-981D-0820AB0BE3A5}.Release|Any CPU.ActiveCfg = Release|Any CPU
		{013B1578-2EC9-4B34-981D-0820AB0BE3A5}.Release|Any CPU.Build.0 = Release|Any CPU
		{013B1578-2EC9-4B34-981D-0820AB0BE3A5}.Release|ARM.ActiveCfg = Release|Any CPU
		{013B1578-2EC9-4B34-981D-0820AB0BE3A5}.Release|x64.ActiveCfg = Release|Any CPU
		{013B1578-2EC9-4B34-981D-0820AB0BE3A5}.Release|x86.ActiveCfg = Release|Any CPU
		{013B1578-2EC9-4B34-981D-0820AB0BE3A5}.SingleImage|Any CPU.ActiveCfg = Release|Any CPU
		{013B1578-2EC9-4B34-981D-0820AB0BE3A5}.SingleImage|Any CPU.Build.0 = Release|Any CPU
		{013B1578-2EC9-4B34-981D-0820AB0BE3A5}.SingleImage|ARM.ActiveCfg = Release|Any CPU
		{013B1578-2EC9-4B34-981D-0820AB0BE3A5}.SingleImage|x64.ActiveCfg = Release|Any CPU
		{013B1578-2EC9-4B34-981D-0820AB0BE3A5}.SingleImage|x86.ActiveCfg = Release|Any CPU
		{8CC6D934-623A-4AC0-8102-E337F5253282}.CD_ROM|Any CPU.ActiveCfg = Release|Any CPU
		{8CC6D934-623A-4AC0-8102-E337F5253282}.CD_ROM|Any CPU.Build.0 = Release|Any CPU
		{8CC6D934-623A-4AC0-8102-E337F5253282}.CD_ROM|ARM.ActiveCfg = Release|Any CPU
		{8CC6D934-623A-4AC0-8102-E337F5253282}.CD_ROM|x64.ActiveCfg = Release|Any CPU
		{8CC6D934-623A-4AC0-8102-E337F5253282}.CD_ROM|x86.ActiveCfg = Release|Any CPU
		{8CC6D934-623A-4AC0-8102-E337F5253282}.Debug|Any CPU.ActiveCfg = Debug|Any CPU
		{8CC6D934-623A-4AC0-8102-E337F5253282}.Debug|ARM.ActiveCfg = Debug|Any CPU
		{8CC6D934-623A-4AC0-8102-E337F5253282}.Debug|x64.ActiveCfg = Debug|Any CPU
		{8CC6D934-623A-4AC0-8102-E337F5253282}.Debug|x86.ActiveCfg = Debug|Any CPU
		{8CC6D934-623A-4AC0-8102-E337F5253282}.DVD-5|Any CPU.ActiveCfg = Debug|Any CPU
		{8CC6D934-623A-4AC0-8102-E337F5253282}.DVD-5|Any CPU.Build.0 = Debug|Any CPU
		{8CC6D934-623A-4AC0-8102-E337F5253282}.DVD-5|ARM.ActiveCfg = Debug|Any CPU
		{8CC6D934-623A-4AC0-8102-E337F5253282}.DVD-5|x64.ActiveCfg = Debug|Any CPU
		{8CC6D934-623A-4AC0-8102-E337F5253282}.DVD-5|x86.ActiveCfg = Debug|Any CPU
		{8CC6D934-623A-4AC0-8102-E337F5253282}.Release|Any CPU.ActiveCfg = Release|Any CPU
		{8CC6D934-623A-4AC0-8102-E337F5253282}.Release|Any CPU.Build.0 = Release|Any CPU
		{8CC6D934-623A-4AC0-8102-E337F5253282}.Release|ARM.ActiveCfg = Release|Any CPU
		{8CC6D934-623A-4AC0-8102-E337F5253282}.Release|x64.ActiveCfg = Release|Any CPU
		{8CC6D934-623A-4AC0-8102-E337F5253282}.Release|x86.ActiveCfg = Release|Any CPU
		{8CC6D934-623A-4AC0-8102-E337F5253282}.SingleImage|Any CPU.ActiveCfg = Release|Any CPU
		{8CC6D934-623A-4AC0-8102-E337F5253282}.SingleImage|Any CPU.Build.0 = Release|Any CPU
		{8CC6D934-623A-4AC0-8102-E337F5253282}.SingleImage|ARM.ActiveCfg = Release|Any CPU
		{8CC6D934-623A-4AC0-8102-E337F5253282}.SingleImage|x64.ActiveCfg = Release|Any CPU
		{8CC6D934-623A-4AC0-8102-E337F5253282}.SingleImage|x86.ActiveCfg = Release|Any CPU
		{5CAEDC2E-5E7C-4FC9-A720-A1AC4CEDBDAC}.CD_ROM|Any CPU.ActiveCfg = Release
		{5CAEDC2E-5E7C-4FC9-A720-A1AC4CEDBDAC}.CD_ROM|Any CPU.Build.0 = Release
		{5CAEDC2E-5E7C-4FC9-A720-A1AC4CEDBDAC}.CD_ROM|ARM.ActiveCfg = Release
		{5CAEDC2E-5E7C-4FC9-A720-A1AC4CEDBDAC}.CD_ROM|ARM.Build.0 = Release
		{5CAEDC2E-5E7C-4FC9-A720-A1AC4CEDBDAC}.CD_ROM|x64.ActiveCfg = Release
		{5CAEDC2E-5E7C-4FC9-A720-A1AC4CEDBDAC}.CD_ROM|x64.Build.0 = Release
		{5CAEDC2E-5E7C-4FC9-A720-A1AC4CEDBDAC}.CD_ROM|x86.ActiveCfg = Release
		{5CAEDC2E-5E7C-4FC9-A720-A1AC4CEDBDAC}.CD_ROM|x86.Build.0 = Release
		{5CAEDC2E-5E7C-4FC9-A720-A1AC4CEDBDAC}.Debug|Any CPU.ActiveCfg = Debug
		{5CAEDC2E-5E7C-4FC9-A720-A1AC4CEDBDAC}.Debug|Any CPU.Build.0 = Debug
		{5CAEDC2E-5E7C-4FC9-A720-A1AC4CEDBDAC}.Debug|ARM.ActiveCfg = Debug
		{5CAEDC2E-5E7C-4FC9-A720-A1AC4CEDBDAC}.Debug|x64.ActiveCfg = Debug
		{5CAEDC2E-5E7C-4FC9-A720-A1AC4CEDBDAC}.Debug|x86.ActiveCfg = Debug
		{5CAEDC2E-5E7C-4FC9-A720-A1AC4CEDBDAC}.DVD-5|Any CPU.ActiveCfg = Debug
		{5CAEDC2E-5E7C-4FC9-A720-A1AC4CEDBDAC}.DVD-5|Any CPU.Build.0 = Debug
		{5CAEDC2E-5E7C-4FC9-A720-A1AC4CEDBDAC}.DVD-5|ARM.ActiveCfg = Debug
		{5CAEDC2E-5E7C-4FC9-A720-A1AC4CEDBDAC}.DVD-5|ARM.Build.0 = Debug
		{5CAEDC2E-5E7C-4FC9-A720-A1AC4CEDBDAC}.DVD-5|x64.ActiveCfg = Debug
		{5CAEDC2E-5E7C-4FC9-A720-A1AC4CEDBDAC}.DVD-5|x64.Build.0 = Debug
		{5CAEDC2E-5E7C-4FC9-A720-A1AC4CEDBDAC}.DVD-5|x86.ActiveCfg = Debug
		{5CAEDC2E-5E7C-4FC9-A720-A1AC4CEDBDAC}.DVD-5|x86.Build.0 = Debug
		{5CAEDC2E-5E7C-4FC9-A720-A1AC4CEDBDAC}.Release|Any CPU.ActiveCfg = Release
		{5CAEDC2E-5E7C-4FC9-A720-A1AC4CEDBDAC}.Release|ARM.ActiveCfg = Release
		{5CAEDC2E-5E7C-4FC9-A720-A1AC4CEDBDAC}.Release|x64.ActiveCfg = Release
		{5CAEDC2E-5E7C-4FC9-A720-A1AC4CEDBDAC}.Release|x86.ActiveCfg = Release
		{5CAEDC2E-5E7C-4FC9-A720-A1AC4CEDBDAC}.SingleImage|Any CPU.ActiveCfg = Release
		{5CAEDC2E-5E7C-4FC9-A720-A1AC4CEDBDAC}.SingleImage|Any CPU.Build.0 = Release
		{5CAEDC2E-5E7C-4FC9-A720-A1AC4CEDBDAC}.SingleImage|ARM.ActiveCfg = Release
		{5CAEDC2E-5E7C-4FC9-A720-A1AC4CEDBDAC}.SingleImage|ARM.Build.0 = Release
		{5CAEDC2E-5E7C-4FC9-A720-A1AC4CEDBDAC}.SingleImage|x64.ActiveCfg = Release
		{5CAEDC2E-5E7C-4FC9-A720-A1AC4CEDBDAC}.SingleImage|x64.Build.0 = Release
		{5CAEDC2E-5E7C-4FC9-A720-A1AC4CEDBDAC}.SingleImage|x86.ActiveCfg = Release
		{5CAEDC2E-5E7C-4FC9-A720-A1AC4CEDBDAC}.SingleImage|x86.Build.0 = Release
		{1D6ACF27-857F-4D33-94F0-10DF2461DFC3}.CD_ROM|Any CPU.ActiveCfg = Release|Any CPU
		{1D6ACF27-857F-4D33-94F0-10DF2461DFC3}.CD_ROM|Any CPU.Build.0 = Release|Any CPU
		{1D6ACF27-857F-4D33-94F0-10DF2461DFC3}.CD_ROM|ARM.ActiveCfg = Release|Any CPU
		{1D6ACF27-857F-4D33-94F0-10DF2461DFC3}.CD_ROM|x64.ActiveCfg = Release|Any CPU
		{1D6ACF27-857F-4D33-94F0-10DF2461DFC3}.CD_ROM|x86.ActiveCfg = Release|Any CPU
		{1D6ACF27-857F-4D33-94F0-10DF2461DFC3}.Debug|Any CPU.ActiveCfg = Debug|Any CPU
		{1D6ACF27-857F-4D33-94F0-10DF2461DFC3}.Debug|Any CPU.Build.0 = Debug|Any CPU
		{1D6ACF27-857F-4D33-94F0-10DF2461DFC3}.Debug|ARM.ActiveCfg = Debug|Any CPU
		{1D6ACF27-857F-4D33-94F0-10DF2461DFC3}.Debug|x64.ActiveCfg = Debug|Any CPU
		{1D6ACF27-857F-4D33-94F0-10DF2461DFC3}.Debug|x86.ActiveCfg = Debug|Any CPU
		{1D6ACF27-857F-4D33-94F0-10DF2461DFC3}.DVD-5|Any CPU.ActiveCfg = Debug|Any CPU
		{1D6ACF27-857F-4D33-94F0-10DF2461DFC3}.DVD-5|Any CPU.Build.0 = Debug|Any CPU
		{1D6ACF27-857F-4D33-94F0-10DF2461DFC3}.DVD-5|ARM.ActiveCfg = Debug|Any CPU
		{1D6ACF27-857F-4D33-94F0-10DF2461DFC3}.DVD-5|x64.ActiveCfg = Debug|Any CPU
		{1D6ACF27-857F-4D33-94F0-10DF2461DFC3}.DVD-5|x86.ActiveCfg = Debug|Any CPU
		{1D6ACF27-857F-4D33-94F0-10DF2461DFC3}.Release|Any CPU.ActiveCfg = Release|Any CPU
		{1D6ACF27-857F-4D33-94F0-10DF2461DFC3}.Release|Any CPU.Build.0 = Release|Any CPU
		{1D6ACF27-857F-4D33-94F0-10DF2461DFC3}.Release|ARM.ActiveCfg = Release|Any CPU
		{1D6ACF27-857F-4D33-94F0-10DF2461DFC3}.Release|x64.ActiveCfg = Release|Any CPU
		{1D6ACF27-857F-4D33-94F0-10DF2461DFC3}.Release|x86.ActiveCfg = Release|Any CPU
		{1D6ACF27-857F-4D33-94F0-10DF2461DFC3}.SingleImage|Any CPU.ActiveCfg = Release|Any CPU
		{1D6ACF27-857F-4D33-94F0-10DF2461DFC3}.SingleImage|Any CPU.Build.0 = Release|Any CPU
		{1D6ACF27-857F-4D33-94F0-10DF2461DFC3}.SingleImage|ARM.ActiveCfg = Release|Any CPU
		{1D6ACF27-857F-4D33-94F0-10DF2461DFC3}.SingleImage|x64.ActiveCfg = Release|Any CPU
		{1D6ACF27-857F-4D33-94F0-10DF2461DFC3}.SingleImage|x86.ActiveCfg = Release|Any CPU
		{57047A2A-1B15-46D0-84C8-FF2AF8BC4945}.CD_ROM|Any CPU.ActiveCfg = Release|Any CPU
		{57047A2A-1B15-46D0-84C8-FF2AF8BC4945}.CD_ROM|Any CPU.Build.0 = Release|Any CPU
		{57047A2A-1B15-46D0-84C8-FF2AF8BC4945}.CD_ROM|ARM.ActiveCfg = Release|Any CPU
		{57047A2A-1B15-46D0-84C8-FF2AF8BC4945}.CD_ROM|x64.ActiveCfg = Release|Any CPU
		{57047A2A-1B15-46D0-84C8-FF2AF8BC4945}.CD_ROM|x86.ActiveCfg = Release|Any CPU
		{57047A2A-1B15-46D0-84C8-FF2AF8BC4945}.Debug|Any CPU.ActiveCfg = Debug|Any CPU
		{57047A2A-1B15-46D0-84C8-FF2AF8BC4945}.Debug|Any CPU.Build.0 = Debug|Any CPU
		{57047A2A-1B15-46D0-84C8-FF2AF8BC4945}.Debug|ARM.ActiveCfg = Debug|Any CPU
		{57047A2A-1B15-46D0-84C8-FF2AF8BC4945}.Debug|x64.ActiveCfg = Debug|Any CPU
		{57047A2A-1B15-46D0-84C8-FF2AF8BC4945}.Debug|x86.ActiveCfg = Debug|Any CPU
		{57047A2A-1B15-46D0-84C8-FF2AF8BC4945}.DVD-5|Any CPU.ActiveCfg = Debug|Any CPU
		{57047A2A-1B15-46D0-84C8-FF2AF8BC4945}.DVD-5|Any CPU.Build.0 = Debug|Any CPU
		{57047A2A-1B15-46D0-84C8-FF2AF8BC4945}.DVD-5|ARM.ActiveCfg = Debug|Any CPU
		{57047A2A-1B15-46D0-84C8-FF2AF8BC4945}.DVD-5|x64.ActiveCfg = Debug|Any CPU
		{57047A2A-1B15-46D0-84C8-FF2AF8BC4945}.DVD-5|x86.ActiveCfg = Debug|Any CPU
		{57047A2A-1B15-46D0-84C8-FF2AF8BC4945}.Release|Any CPU.ActiveCfg = Release|Any CPU
		{57047A2A-1B15-46D0-84C8-FF2AF8BC4945}.Release|Any CPU.Build.0 = Release|Any CPU
		{57047A2A-1B15-46D0-84C8-FF2AF8BC4945}.Release|ARM.ActiveCfg = Release|Any CPU
		{57047A2A-1B15-46D0-84C8-FF2AF8BC4945}.Release|x64.ActiveCfg = Release|Any CPU
		{57047A2A-1B15-46D0-84C8-FF2AF8BC4945}.Release|x86.ActiveCfg = Release|Any CPU
		{57047A2A-1B15-46D0-84C8-FF2AF8BC4945}.SingleImage|Any CPU.ActiveCfg = Release|Any CPU
		{57047A2A-1B15-46D0-84C8-FF2AF8BC4945}.SingleImage|Any CPU.Build.0 = Release|Any CPU
		{57047A2A-1B15-46D0-84C8-FF2AF8BC4945}.SingleImage|ARM.ActiveCfg = Release|Any CPU
		{57047A2A-1B15-46D0-84C8-FF2AF8BC4945}.SingleImage|x64.ActiveCfg = Release|Any CPU
		{57047A2A-1B15-46D0-84C8-FF2AF8BC4945}.SingleImage|x86.ActiveCfg = Release|Any CPU
		{E576E2EA-04F2-4E63-9F1A-B77E9ECE5F3F}.CD_ROM|Any CPU.ActiveCfg = Release|Any CPU
		{E576E2EA-04F2-4E63-9F1A-B77E9ECE5F3F}.CD_ROM|Any CPU.Build.0 = Release|Any CPU
		{E576E2EA-04F2-4E63-9F1A-B77E9ECE5F3F}.CD_ROM|ARM.ActiveCfg = Release|Any CPU
		{E576E2EA-04F2-4E63-9F1A-B77E9ECE5F3F}.CD_ROM|x64.ActiveCfg = Release|Any CPU
		{E576E2EA-04F2-4E63-9F1A-B77E9ECE5F3F}.CD_ROM|x86.ActiveCfg = Release|Any CPU
		{E576E2EA-04F2-4E63-9F1A-B77E9ECE5F3F}.Debug|Any CPU.ActiveCfg = Debug|Any CPU
		{E576E2EA-04F2-4E63-9F1A-B77E9ECE5F3F}.Debug|Any CPU.Build.0 = Debug|Any CPU
		{E576E2EA-04F2-4E63-9F1A-B77E9ECE5F3F}.Debug|ARM.ActiveCfg = Debug|Any CPU
		{E576E2EA-04F2-4E63-9F1A-B77E9ECE5F3F}.Debug|x64.ActiveCfg = Debug|Any CPU
		{E576E2EA-04F2-4E63-9F1A-B77E9ECE5F3F}.Debug|x86.ActiveCfg = Debug|Any CPU
		{E576E2EA-04F2-4E63-9F1A-B77E9ECE5F3F}.DVD-5|Any CPU.ActiveCfg = Debug|Any CPU
		{E576E2EA-04F2-4E63-9F1A-B77E9ECE5F3F}.DVD-5|Any CPU.Build.0 = Debug|Any CPU
		{E576E2EA-04F2-4E63-9F1A-B77E9ECE5F3F}.DVD-5|ARM.ActiveCfg = Debug|Any CPU
		{E576E2EA-04F2-4E63-9F1A-B77E9ECE5F3F}.DVD-5|x64.ActiveCfg = Debug|Any CPU
		{E576E2EA-04F2-4E63-9F1A-B77E9ECE5F3F}.DVD-5|x86.ActiveCfg = Debug|Any CPU
		{E576E2EA-04F2-4E63-9F1A-B77E9ECE5F3F}.Release|Any CPU.ActiveCfg = Release|Any CPU
		{E576E2EA-04F2-4E63-9F1A-B77E9ECE5F3F}.Release|Any CPU.Build.0 = Release|Any CPU
		{E576E2EA-04F2-4E63-9F1A-B77E9ECE5F3F}.Release|ARM.ActiveCfg = Release|Any CPU
		{E576E2EA-04F2-4E63-9F1A-B77E9ECE5F3F}.Release|x64.ActiveCfg = Release|Any CPU
		{E576E2EA-04F2-4E63-9F1A-B77E9ECE5F3F}.Release|x86.ActiveCfg = Release|Any CPU
		{E576E2EA-04F2-4E63-9F1A-B77E9ECE5F3F}.SingleImage|Any CPU.ActiveCfg = Release|Any CPU
		{E576E2EA-04F2-4E63-9F1A-B77E9ECE5F3F}.SingleImage|Any CPU.Build.0 = Release|Any CPU
		{E576E2EA-04F2-4E63-9F1A-B77E9ECE5F3F}.SingleImage|ARM.ActiveCfg = Release|Any CPU
		{E576E2EA-04F2-4E63-9F1A-B77E9ECE5F3F}.SingleImage|x64.ActiveCfg = Release|Any CPU
		{E576E2EA-04F2-4E63-9F1A-B77E9ECE5F3F}.SingleImage|x86.ActiveCfg = Release|Any CPU
		{3D6BE558-179A-4A20-8C03-623AC87D931D}.CD_ROM|Any CPU.ActiveCfg = Release|Any CPU
		{3D6BE558-179A-4A20-8C03-623AC87D931D}.CD_ROM|Any CPU.Build.0 = Release|Any CPU
		{3D6BE558-179A-4A20-8C03-623AC87D931D}.CD_ROM|ARM.ActiveCfg = Release|Any CPU
		{3D6BE558-179A-4A20-8C03-623AC87D931D}.CD_ROM|x64.ActiveCfg = Release|Any CPU
		{3D6BE558-179A-4A20-8C03-623AC87D931D}.CD_ROM|x86.ActiveCfg = Release|Any CPU
		{3D6BE558-179A-4A20-8C03-623AC87D931D}.Debug|Any CPU.ActiveCfg = Debug|Any CPU
		{3D6BE558-179A-4A20-8C03-623AC87D931D}.Debug|Any CPU.Build.0 = Debug|Any CPU
		{3D6BE558-179A-4A20-8C03-623AC87D931D}.Debug|ARM.ActiveCfg = Debug|Any CPU
		{3D6BE558-179A-4A20-8C03-623AC87D931D}.Debug|x64.ActiveCfg = Debug|Any CPU
		{3D6BE558-179A-4A20-8C03-623AC87D931D}.Debug|x86.ActiveCfg = Debug|Any CPU
		{3D6BE558-179A-4A20-8C03-623AC87D931D}.DVD-5|Any CPU.ActiveCfg = Debug|Any CPU
		{3D6BE558-179A-4A20-8C03-623AC87D931D}.DVD-5|Any CPU.Build.0 = Debug|Any CPU
		{3D6BE558-179A-4A20-8C03-623AC87D931D}.DVD-5|ARM.ActiveCfg = Debug|Any CPU
		{3D6BE558-179A-4A20-8C03-623AC87D931D}.DVD-5|x64.ActiveCfg = Debug|Any CPU
		{3D6BE558-179A-4A20-8C03-623AC87D931D}.DVD-5|x86.ActiveCfg = Debug|Any CPU
		{3D6BE558-179A-4A20-8C03-623AC87D931D}.Release|Any CPU.ActiveCfg = Release|Any CPU
		{3D6BE558-179A-4A20-8C03-623AC87D931D}.Release|Any CPU.Build.0 = Release|Any CPU
		{3D6BE558-179A-4A20-8C03-623AC87D931D}.Release|ARM.ActiveCfg = Release|Any CPU
		{3D6BE558-179A-4A20-8C03-623AC87D931D}.Release|x64.ActiveCfg = Release|Any CPU
		{3D6BE558-179A-4A20-8C03-623AC87D931D}.Release|x86.ActiveCfg = Release|Any CPU
		{3D6BE558-179A-4A20-8C03-623AC87D931D}.SingleImage|Any CPU.ActiveCfg = Release|Any CPU
		{3D6BE558-179A-4A20-8C03-623AC87D931D}.SingleImage|Any CPU.Build.0 = Release|Any CPU
		{3D6BE558-179A-4A20-8C03-623AC87D931D}.SingleImage|ARM.ActiveCfg = Release|Any CPU
		{3D6BE558-179A-4A20-8C03-623AC87D931D}.SingleImage|x64.ActiveCfg = Release|Any CPU
		{3D6BE558-179A-4A20-8C03-623AC87D931D}.SingleImage|x86.ActiveCfg = Release|Any CPU
		{BB877C1A-9E03-4EEB-A803-44F4420AF099}.CD_ROM|Any CPU.ActiveCfg = Release|Any CPU
		{BB877C1A-9E03-4EEB-A803-44F4420AF099}.CD_ROM|Any CPU.Build.0 = Release|Any CPU
		{BB877C1A-9E03-4EEB-A803-44F4420AF099}.CD_ROM|ARM.ActiveCfg = Release|Any CPU
		{BB877C1A-9E03-4EEB-A803-44F4420AF099}.CD_ROM|ARM.Build.0 = Release|Any CPU
		{BB877C1A-9E03-4EEB-A803-44F4420AF099}.CD_ROM|x64.ActiveCfg = Release|Any CPU
		{BB877C1A-9E03-4EEB-A803-44F4420AF099}.CD_ROM|x64.Build.0 = Release|Any CPU
		{BB877C1A-9E03-4EEB-A803-44F4420AF099}.CD_ROM|x86.ActiveCfg = Release|Any CPU
		{BB877C1A-9E03-4EEB-A803-44F4420AF099}.CD_ROM|x86.Build.0 = Release|Any CPU
		{BB877C1A-9E03-4EEB-A803-44F4420AF099}.Debug|Any CPU.ActiveCfg = Debug|Any CPU
		{BB877C1A-9E03-4EEB-A803-44F4420AF099}.Debug|Any CPU.Build.0 = Debug|Any CPU
		{BB877C1A-9E03-4EEB-A803-44F4420AF099}.Debug|ARM.ActiveCfg = Debug|Any CPU
		{BB877C1A-9E03-4EEB-A803-44F4420AF099}.Debug|ARM.Build.0 = Debug|Any CPU
		{BB877C1A-9E03-4EEB-A803-44F4420AF099}.Debug|x64.ActiveCfg = Debug|Any CPU
		{BB877C1A-9E03-4EEB-A803-44F4420AF099}.Debug|x64.Build.0 = Debug|Any CPU
		{BB877C1A-9E03-4EEB-A803-44F4420AF099}.Debug|x86.ActiveCfg = Debug|Any CPU
		{BB877C1A-9E03-4EEB-A803-44F4420AF099}.Debug|x86.Build.0 = Debug|Any CPU
		{BB877C1A-9E03-4EEB-A803-44F4420AF099}.DVD-5|Any CPU.ActiveCfg = Debug|Any CPU
		{BB877C1A-9E03-4EEB-A803-44F4420AF099}.DVD-5|Any CPU.Build.0 = Debug|Any CPU
		{BB877C1A-9E03-4EEB-A803-44F4420AF099}.DVD-5|ARM.ActiveCfg = Debug|Any CPU
		{BB877C1A-9E03-4EEB-A803-44F4420AF099}.DVD-5|ARM.Build.0 = Debug|Any CPU
		{BB877C1A-9E03-4EEB-A803-44F4420AF099}.DVD-5|x64.ActiveCfg = Debug|Any CPU
		{BB877C1A-9E03-4EEB-A803-44F4420AF099}.DVD-5|x64.Build.0 = Debug|Any CPU
		{BB877C1A-9E03-4EEB-A803-44F4420AF099}.DVD-5|x86.ActiveCfg = Debug|Any CPU
		{BB877C1A-9E03-4EEB-A803-44F4420AF099}.DVD-5|x86.Build.0 = Debug|Any CPU
		{BB877C1A-9E03-4EEB-A803-44F4420AF099}.Release|Any CPU.ActiveCfg = Release|Any CPU
		{BB877C1A-9E03-4EEB-A803-44F4420AF099}.Release|Any CPU.Build.0 = Release|Any CPU
		{BB877C1A-9E03-4EEB-A803-44F4420AF099}.Release|ARM.ActiveCfg = Release|Any CPU
		{BB877C1A-9E03-4EEB-A803-44F4420AF099}.Release|ARM.Build.0 = Release|Any CPU
		{BB877C1A-9E03-4EEB-A803-44F4420AF099}.Release|x64.ActiveCfg = Release|Any CPU
		{BB877C1A-9E03-4EEB-A803-44F4420AF099}.Release|x64.Build.0 = Release|Any CPU
		{BB877C1A-9E03-4EEB-A803-44F4420AF099}.Release|x86.ActiveCfg = Release|Any CPU
		{BB877C1A-9E03-4EEB-A803-44F4420AF099}.Release|x86.Build.0 = Release|Any CPU
		{BB877C1A-9E03-4EEB-A803-44F4420AF099}.SingleImage|Any CPU.ActiveCfg = Release|Any CPU
		{BB877C1A-9E03-4EEB-A803-44F4420AF099}.SingleImage|Any CPU.Build.0 = Release|Any CPU
		{BB877C1A-9E03-4EEB-A803-44F4420AF099}.SingleImage|ARM.ActiveCfg = Release|Any CPU
		{BB877C1A-9E03-4EEB-A803-44F4420AF099}.SingleImage|ARM.Build.0 = Release|Any CPU
		{BB877C1A-9E03-4EEB-A803-44F4420AF099}.SingleImage|x64.ActiveCfg = Release|Any CPU
		{BB877C1A-9E03-4EEB-A803-44F4420AF099}.SingleImage|x64.Build.0 = Release|Any CPU
		{BB877C1A-9E03-4EEB-A803-44F4420AF099}.SingleImage|x86.ActiveCfg = Release|Any CPU
		{BB877C1A-9E03-4EEB-A803-44F4420AF099}.SingleImage|x86.Build.0 = Release|Any CPU
	EndGlobalSection
	GlobalSection(SolutionProperties) = preSolution
		HideSolutionNode = FALSE
	EndGlobalSection
	GlobalSection(ExtensibilityGlobals) = postSolution
		SolutionGuid = {6F75FEFD-7F6D-4D80-A682-7985F14BA5B3}
	EndGlobalSection
EndGlobal
