
Microsoft Visual Studio Solution File, Format Version 10.00
# Visual Studio 2008
Project("{FAE04EC0-301F-11D3-BF4B-00C04F79EFBC}") = "WebcamPlayer", "WebcamPlayer.csproj", "{2052AEE0-6955-47F6-878D-C024B38180A9}"
EndProject
Project("{2150E333-8FDC-42A3-9474-1A3956D46DE8}") = "Doc", "Doc", "{C7AFB365-84B9-4646-A479-48842CDEACC0}"
	ProjectSection(SolutionItems) = preProject
		..\doc\history.txt = ..\doc\history.txt
		..\doc\readme.txt = ..\doc\readme.txt
	EndProjectSection
EndProject
Project("{2150E333-8FDC-42A3-9474-1A3956D46DE8}") = "Lib", "Lib", "{C299ED81-7F12-4172-BA03-229521E3D9AB}"
	ProjectSection(SolutionItems) = preProject
		..\lib\J832.Common.dll = ..\lib\J832.Common.dll
		..\lib\J832.Wpf.BagOTricksLib.dll = ..\lib\J832.Wpf.BagOTricksLib.dll
	EndProjectSection
EndProject
Project("{2150E333-8FDC-42A3-9474-1A3956D46DE8}") = "Src", "Src", "{089E1257-823E-4DED-987F-256BB764057A}"
EndProject
Global
	GlobalSection(SolutionConfigurationPlatforms) = preSolution
		Debug|Any CPU = Debug|Any CPU
		Release|Any CPU = Release|Any CPU
	EndGlobalSection
	GlobalSection(ProjectConfigurationPlatforms) = postSolution
		{2052AEE0-6955-47F6-878D-C024B38180A9}.Debug|Any CPU.ActiveCfg = Debug|Any CPU
		{2052AEE0-6955-47F6-878D-C024B38180A9}.Debug|Any CPU.Build.0 = Debug|Any CPU
		{2052AEE0-6955-47F6-878D-C024B38180A9}.Release|Any CPU.ActiveCfg = Release|Any CPU
		{2052AEE0-6955-47F6-878D-C024B38180A9}.Release|Any CPU.Build.0 = Release|Any CPU
	EndGlobalSection
	GlobalSection(SolutionProperties) = preSolution
		HideSolutionNode = FALSE
	EndGlobalSection
	GlobalSection(NestedProjects) = preSolution
		{2052AEE0-6955-47F6-878D-C024B38180A9} = {089E1257-823E-4DED-987F-256BB764057A}
	EndGlobalSection
EndGlobal
